
Microsoft Visual Studio Solution File, Format Version 12.00
# Visual Studio Version 17
VisualStudioVersion = 17.8.34330.188
MinimumVisualStudioVersion = 10.0.40219.1
Project("{9A19103F-16F7-4668-BE54-9A1E7A4F7556}") = "ConsoleApp1", "ConsoleApp1.csproj", "{61F4ECD9-CDD9-4DDC-9331-19A8969AACAD}"
EndProject
Project("{9A19103F-16F7-4668-BE54-9A1E7A4F7556}") = "TestProject1", "..\TestProject1\TestProject1.csproj", "{88ADC7EE-188A-4264-B79B-52B55E6DA9AD}"
EndProject
Global
	GlobalSection(SolutionConfigurationPlatforms) = preSolution
		Debug|Any CPU = Debug|Any CPU
		Release|Any CPU = Release|Any CPU
	EndGlobalSection
	GlobalSection(ProjectConfigurationPlatforms) = postSolution
		{61F4ECD9-CDD9-4DDC-9331-19A8969AACAD}.Debug|Any CPU.ActiveCfg = Debug|Any CPU
		{61F4ECD9-CDD9-4DDC-9331-19A8969AACAD}.Debug|Any CPU.Build.0 = Debug|Any CPU
		{61F4ECD9-CDD9-4DDC-9331-19A8969AACAD}.Release|Any CPU.ActiveCfg = Release|Any CPU
		{61F4ECD9-CDD9-4DDC-9331-19A8969AACAD}.Release|Any CPU.Build.0 = Release|Any CPU
		{88ADC7EE-188A-4264-B79B-52B55E6DA9AD}.Debug|Any CPU.ActiveCfg = Debug|Any CPU
		{88ADC7EE-188A-4264-B79B-52B55E6DA9AD}.Debug|Any CPU.Build.0 = Debug|Any CPU
		{88ADC7EE-188A-4264-B79B-52B55E6DA9AD}.Release|Any CPU.ActiveCfg = Release|Any CPU
		{88ADC7EE-188A-4264-B79B-52B55E6DA9AD}.Release|Any CPU.Build.0 = Release|Any CPU
	EndGlobalSection
	GlobalSection(SolutionProperties) = preSolution
		HideSolutionNode = FALSE
	EndGlobalSection
	GlobalSection(ExtensibilityGlobals) = postSolution
		SolutionGuid = {4495262F-09B7-465D-82FD-B629D25E22C1}
	EndGlobalSection
EndGlobal
